// !$*UTF8*$!
{
	archiveVersion = 1;
	classes = {
	};
	objectVersion = 50;
	objects = {

/* Begin PBXBuildFile section */
		8993E70E24D0879D0091D20D /* UIColor+Extension.swift in Sources */ = {isa = PBXBuildFile; fileRef = 8993E70D24D0879D0091D20D /* UIColor+Extension.swift */; };
		8995742E24C08F5C008DE8F2 /* Color.xcassets in Resources */ = {isa = PBXBuildFile; fileRef = 8995742D24C08F5C008DE8F2 /* Color.xcassets */; };
		8995743124C0D224008DE8F2 /* TutorialType.swift in Sources */ = {isa = PBXBuildFile; fileRef = 8995743024C0D224008DE8F2 /* TutorialType.swift */; };
		89A7D33A24BF6514009AA50F /* AppDelegate.swift in Sources */ = {isa = PBXBuildFile; fileRef = 89A7D33924BF6514009AA50F /* AppDelegate.swift */; };
		89A7D33C24BF6514009AA50F /* SceneDelegate.swift in Sources */ = {isa = PBXBuildFile; fileRef = 89A7D33B24BF6514009AA50F /* SceneDelegate.swift */; };
		89A7D33E24BF6514009AA50F /* ViewController.swift in Sources */ = {isa = PBXBuildFile; fileRef = 89A7D33D24BF6514009AA50F /* ViewController.swift */; };
		89A7D34124BF6514009AA50F /* Main.storyboard in Resources */ = {isa = PBXBuildFile; fileRef = 89A7D33F24BF6514009AA50F /* Main.storyboard */; };
		89A7D34324BF6516009AA50F /* Assets.xcassets in Resources */ = {isa = PBXBuildFile; fileRef = 89A7D34224BF6516009AA50F /* Assets.xcassets */; };
		89A7D34624BF6516009AA50F /* LaunchScreen.storyboard in Resources */ = {isa = PBXBuildFile; fileRef = 89A7D34424BF6516009AA50F /* LaunchScreen.storyboard */; };
		89E5C80F24C00C5F00026F2B /* TutorialViewCell.swift in Sources */ = {isa = PBXBuildFile; fileRef = 89E5C80E24C00C5F00026F2B /* TutorialViewCell.swift */; };
		89E5C81224C020FA00026F2B /* UILabel+Extension.swift in Sources */ = {isa = PBXBuildFile; fileRef = 89E5C81124C020FA00026F2B /* UILabel+Extension.swift */; };
		89E5C81424C06E7C00026F2B /* TagView.swift in Sources */ = {isa = PBXBuildFile; fileRef = 89E5C81324C06E7C00026F2B /* TagView.swift */; };
/* End PBXBuildFile section */

/* Begin PBXFileReference section */
		8993E70D24D0879D0091D20D /* UIColor+Extension.swift */ = {isa = PBXFileReference; lastKnownFileType = sourcecode.swift; path = "UIColor+Extension.swift"; sourceTree = "<group>"; };
		8995742D24C08F5C008DE8F2 /* Color.xcassets */ = {isa = PBXFileReference; lastKnownFileType = folder.assetcatalog; path = Color.xcassets; sourceTree = "<group>"; };
		8995743024C0D224008DE8F2 /* TutorialType.swift */ = {isa = PBXFileReference; lastKnownFileType = sourcecode.swift; path = TutorialType.swift; sourceTree = "<group>"; };
		89A7D33624BF6514009AA50F /* RW Take Home.app */ = {isa = PBXFileReference; explicitFileType = wrapper.application; includeInIndex = 0; path = "RW Take Home.app"; sourceTree = BUILT_PRODUCTS_DIR; };
		89A7D33924BF6514009AA50F /* AppDelegate.swift */ = {isa = PBXFileReference; lastKnownFileType = sourcecode.swift; path = AppDelegate.swift; sourceTree = "<group>"; };
		89A7D33B24BF6514009AA50F /* SceneDelegate.swift */ = {isa = PBXFileReference; lastKnownFileType = sourcecode.swift; path = SceneDelegate.swift; sourceTree = "<group>"; };
		89A7D33D24BF6514009AA50F /* ViewController.swift */ = {isa = PBXFileReference; lastKnownFileType = sourcecode.swift; path = ViewController.swift; sourceTree = "<group>"; };
		89A7D34024BF6514009AA50F /* Base */ = {isa = PBXFileReference; lastKnownFileType = file.storyboard; name = Base; path = Base.lproj/Main.storyboard; sourceTree = "<group>"; };
		89A7D34224BF6516009AA50F /* Assets.xcassets */ = {isa = PBXFileReference; lastKnownFileType = folder.assetcatalog; path = Assets.xcassets; sourceTree = "<group>"; };
		89A7D34524BF6516009AA50F /* Base */ = {isa = PBXFileReference; lastKnownFileType = file.storyboard; name = Base; path = Base.lproj/LaunchScreen.storyboard; sourceTree = "<group>"; };
		89A7D34724BF6516009AA50F /* Info.plist */ = {isa = PBXFileReference; lastKnownFileType = text.plist.xml; path = Info.plist; sourceTree = "<group>"; };
		89E5C80E24C00C5F00026F2B /* TutorialViewCell.swift */ = {isa = PBXFileReference; lastKnownFileType = sourcecode.swift; path = TutorialViewCell.swift; sourceTree = "<group>"; };
		89E5C81124C020FA00026F2B /* UILabel+Extension.swift */ = {isa = PBXFileReference; lastKnownFileType = sourcecode.swift; path = "UILabel+Extension.swift"; sourceTree = "<group>"; };
		89E5C81324C06E7C00026F2B /* TagView.swift */ = {isa = PBXFileReference; lastKnownFileType = sourcecode.swift; path = TagView.swift; sourceTree = "<group>"; };
/* End PBXFileReference section */

/* Begin PBXFrameworksBuildPhase section */
		89A7D33324BF6514009AA50F /* Frameworks */ = {
			isa = PBXFrameworksBuildPhase;
			buildActionMask = 2147483647;
			files = (
			);
			runOnlyForDeploymentPostprocessing = 0;
		};
/* End PBXFrameworksBuildPhase section */

/* Begin PBXGroup section */
		8995742F24C0D20E008DE8F2 /* Model */ = {
			isa = PBXGroup;
			children = (
				8995743024C0D224008DE8F2 /* TutorialType.swift */,
			);
			path = Model;
			sourceTree = "<group>";
		};
		89A7D32D24BF6514009AA50F = {
			isa = PBXGroup;
			children = (
				89A7D33824BF6514009AA50F /* RW Take Home */,
				89A7D33724BF6514009AA50F /* Products */,
			);
			sourceTree = "<group>";
		};
		89A7D33724BF6514009AA50F /* Products */ = {
			isa = PBXGroup;
			children = (
				89A7D33624BF6514009AA50F /* RW Take Home.app */,
			);
			name = Products;
			sourceTree = "<group>";
		};
		89A7D33824BF6514009AA50F /* RW Take Home */ = {
			isa = PBXGroup;
			children = (
				8995742F24C0D20E008DE8F2 /* Model */,
				89E5C81024C020E300026F2B /* Extension */,
				89E5C80D24C00BE900026F2B /* View */,
				89E5C80C24C009DB00026F2B /* App Delegate */,
				89A7D33D24BF6514009AA50F /* ViewController.swift */,
				89A7D33F24BF6514009AA50F /* Main.storyboard */,
				89A7D34424BF6516009AA50F /* LaunchScreen.storyboard */,
				89A7D34724BF6516009AA50F /* Info.plist */,
				89A7D34224BF6516009AA50F /* Assets.xcassets */,
				8995742D24C08F5C008DE8F2 /* Color.xcassets */,
			);
			path = "RW Take Home";
			sourceTree = "<group>";
		};
		89E5C80C24C009DB00026F2B /* App Delegate */ = {
			isa = PBXGroup;
			children = (
				89A7D33924BF6514009AA50F /* AppDelegate.swift */,
				89A7D33B24BF6514009AA50F /* SceneDelegate.swift */,
			);
			path = "App Delegate";
			sourceTree = "<group>";
		};
		89E5C80D24C00BE900026F2B /* View */ = {
			isa = PBXGroup;
			children = (
				89E5C80E24C00C5F00026F2B /* TutorialViewCell.swift */,
				89E5C81324C06E7C00026F2B /* TagView.swift */,
			);
			path = View;
			sourceTree = "<group>";
		};
		89E5C81024C020E300026F2B /* Extension */ = {
			isa = PBXGroup;
			children = (
				89E5C81124C020FA00026F2B /* UILabel+Extension.swift */,
				8993E70D24D0879D0091D20D /* UIColor+Extension.swift */,
			);
			path = Extension;
			sourceTree = "<group>";
		};
/* End PBXGroup section */

/* Begin PBXNativeTarget section */
		89A7D33524BF6514009AA50F /* RW Take Home */ = {
			isa = PBXNativeTarget;
			buildConfigurationList = 89A7D34A24BF6516009AA50F /* Build configuration list for PBXNativeTarget "RW Take Home" */;
			buildPhases = (
				89A7D33224BF6514009AA50F /* Sources */,
				89A7D33324BF6514009AA50F /* Frameworks */,
				89A7D33424BF6514009AA50F /* Resources */,
			);
			buildRules = (
			);
			dependencies = (
			);
			name = "RW Take Home";
			productName = "RW Take Home";
			productReference = 89A7D33624BF6514009AA50F /* RW Take Home.app */;
			productType = "com.apple.product-type.application";
		};
/* End PBXNativeTarget section */

/* Begin PBXProject section */
		89A7D32E24BF6514009AA50F /* Project object */ = {
			isa = PBXProject;
			attributes = {
				LastSwiftUpdateCheck = 1150;
				LastUpgradeCheck = 1150;
				ORGANIZATIONNAME = Zoha;
				TargetAttributes = {
					89A7D33524BF6514009AA50F = {
						CreatedOnToolsVersion = 11.5;
					};
				};
			};
			buildConfigurationList = 89A7D33124BF6514009AA50F /* Build configuration list for PBXProject "RW Take Home" */;
			compatibilityVersion = "Xcode 9.3";
			developmentRegion = en;
			hasScannedForEncodings = 0;
			knownRegions = (
				en,
				Base,
			);
			mainGroup = 89A7D32D24BF6514009AA50F;
			productRefGroup = 89A7D33724BF6514009AA50F /* Products */;
			projectDirPath = "";
			projectRoot = "";
			targets = (
				89A7D33524BF6514009AA50F /* RW Take Home */,
			);
		};
/* End PBXProject section */

/* Begin PBXResourcesBuildPhase section */
		89A7D33424BF6514009AA50F /* Resources */ = {
			isa = PBXResourcesBuildPhase;
			buildActionMask = 2147483647;
			files = (
				89A7D34624BF6516009AA50F /* LaunchScreen.storyboard in Resources */,
				8995742E24C08F5C008DE8F2 /* Color.xcassets in Resources */,
				89A7D34324BF6516009AA50F /* Assets.xcassets in Resources */,
				89A7D34124BF6514009AA50F /* Main.storyboard in Resources */,
			);
			runOnlyForDeploymentPostprocessing = 0;
		};
/* End PBXResourcesBuildPhase section */

/* Begin PBXSourcesBuildPhase section */
		89A7D33224BF6514009AA50F /* Sources */ = {
			isa = PBXSourcesBuildPhase;
			buildActionMask = 2147483647;
			files = (
				89E5C81224C020FA00026F2B /* UILabel+Extension.swift in Sources */,
				89E5C80F24C00C5F00026F2B /* TutorialViewCell.swift in Sources */,
				89A7D33E24BF6514009AA50F /* ViewController.swift in Sources */,
				8995743124C0D224008DE8F2 /* TutorialType.swift in Sources */,
				89A7D33A24BF6514009AA50F /* AppDelegate.swift in Sources */,
				89A7D33C24BF6514009AA50F /* SceneDelegate.swift in Sources */,
				89E5C81424C06E7C00026F2B /* TagView.swift in Sources */,
				8993E70E24D0879D0091D20D /* UIColor+Extension.swift in Sources */,
			);
			runOnlyForDeploymentPostprocessing = 0;
		};
/* End PBXSourcesBuildPhase section */

/* Begin PBXVariantGroup section */
		89A7D33F24BF6514009AA50F /* Main.storyboard */ = {
			isa = PBXVariantGroup;
			children = (
				89A7D34024BF6514009AA50F /* Base */,
			);
			name = Main.storyboard;
			sourceTree = "<group>";
		};
		89A7D34424BF6516009AA50F /* LaunchScreen.storyboard */ = {
			isa = PBXVariantGroup;
			children = (
				89A7D34524BF6516009AA50F /* Base */,
			);
			name = LaunchScreen.storyboard;
			sourceTree = "<group>";
		};
/* End PBXVariantGroup section */

/* Begin XCBuildConfiguration section */
		89A7D34824BF6516009AA50F /* Debug */ = {
			isa = XCBuildConfiguration;
			buildSettings = {
				ALWAYS_SEARCH_USER_PATHS = NO;
				CLANG_ANALYZER_NONNULL = YES;
				CLANG_ANALYZER_NUMBER_OBJECT_CONVERSION = YES_AGGRESSIVE;
				CLANG_CXX_LANGUAGE_STANDARD = "gnu++14";
				CLANG_CXX_LIBRARY = "libc++";
				CLANG_ENABLE_MODULES = YES;
				CLANG_ENABLE_OBJC_ARC = YES;
				CLANG_ENABLE_OBJC_WEAK = YES;
				CLANG_WARN_BLOCK_CAPTURE_AUTORELEASING = YES;
				CLANG_WARN_BOOL_CONVERSION = YES;
				CLANG_WARN_COMMA = YES;
				CLANG_WARN_CONSTANT_CONVERSION = YES;
				CLANG_WARN_DEPRECATED_OBJC_IMPLEMENTATIONS = YES;
				CLANG_WARN_DIRECT_OBJC_ISA_USAGE = YES_ERROR;
				CLANG_WARN_DOCUMENTATION_COMMENTS = YES;
				CLANG_WARN_EMPTY_BODY = YES;
				CLANG_WARN_ENUM_CONVERSION = YES;
				CLANG_WARN_INFINITE_RECURSION = YES;
				CLANG_WARN_INT_CONVERSION = YES;
				CLANG_WARN_NON_LITERAL_NULL_CONVERSION = YES;
				CLANG_WARN_OBJC_IMPLICIT_RETAIN_SELF = YES;
				CLANG_WARN_OBJC_LITERAL_CONVERSION = YES;
				CLANG_WARN_OBJC_ROOT_CLASS = YES_ERROR;
				CLANG_WARN_RANGE_LOOP_ANALYSIS = YES;
				CLANG_WARN_STRICT_PROTOTYPES = YES;
				CLANG_WARN_SUSPICIOUS_MOVE = YES;
				CLANG_WARN_UNGUARDED_AVAILABILITY = YES_AGGRESSIVE;
				CLANG_WARN_UNREACHABLE_CODE = YES;
				CLANG_WARN__DUPLICATE_METHOD_MATCH = YES;
				COPY_PHASE_STRIP = NO;
				DEBUG_INFORMATION_FORMAT = dwarf;
				ENABLE_STRICT_OBJC_MSGSEND = YES;
				ENABLE_TESTABILITY = YES;
				GCC_C_LANGUAGE_STANDARD = gnu11;
				GCC_DYNAMIC_NO_PIC = NO;
				GCC_NO_COMMON_BLOCKS = YES;
				GCC_OPTIMIZATION_LEVEL = 0;
				GCC_PREPROCESSOR_DEFINITIONS = (
					"DEBUG=1",
					"$(inherited)",
				);
				GCC_WARN_64_TO_32_BIT_CONVERSION = YES;
				GCC_WARN_ABOUT_RETURN_TYPE = YES_ERROR;
				GCC_WARN_UNDECLARED_SELECTOR = YES;
				GCC_WARN_UNINITIALIZED_AUTOS = YES_AGGRESSIVE;
				GCC_WARN_UNUSED_FUNCTION = YES;
				GCC_WARN_UNUSED_VARIABLE = YES;
				IPHONEOS_DEPLOYMENT_TARGET = 13.5;
				MTL_ENABLE_DEBUG_INFO = INCLUDE_SOURCE;
				MTL_FAST_MATH = YES;
				ONLY_ACTIVE_ARCH = YES;
				SDKROOT = iphoneos;
				SWIFT_ACTIVE_COMPILATION_CONDITIONS = DEBUG;
				SWIFT_OPTIMIZATION_LEVEL = "-Onone";
			};
			name = Debug;
		};
		89A7D34924BF6516009AA50F /* Release */ = {
			isa = XCBuildConfiguration;
			buildSettings = {
				ALWAYS_SEARCH_USER_PATHS = NO;
				CLANG_ANALYZER_NONNULL = YES;
				CLANG_ANALYZER_NUMBER_OBJECT_CONVERSION = YES_AGGRESSIVE;
				CLANG_CXX_LANGUAGE_STANDARD = "gnu++14";
				CLANG_CXX_LIBRARY = "libc++";
				CLANG_ENABLE_MODULES = YES;
				CLANG_ENABLE_OBJC_ARC = YES;
				CLANG_ENABLE_OBJC_WEAK = YES;
				CLANG_WARN_BLOCK_CAPTURE_AUTORELEASING = YES;
				CLANG_WARN_BOOL_CONVERSION = YES;
				CLANG_WARN_COMMA = YES;
				CLANG_WARN_CONSTANT_CONVERSION = YES;
				CLANG_WARN_DEPRECATED_OBJC_IMPLEMENTATIONS = YES;
				CLANG_WARN_DIRECT_OBJC_ISA_USAGE = YES_ERROR;
				CLANG_WARN_DOCUMENTATION_COMMENTS = YES;
				CLANG_WARN_EMPTY_BODY = YES;
				CLANG_WARN_ENUM_CONVERSION = YES;
				CLANG_WARN_INFINITE_RECURSION = YES;
				CLANG_WARN_INT_CONVERSION = YES;
				CLANG_WARN_NON_LITERAL_NULL_CONVERSION = YES;
				CLANG_WARN_OBJC_IMPLICIT_RETAIN_SELF = YES;
				CLANG_WARN_OBJC_LITERAL_CONVERSION = YES;
				CLANG_WARN_OBJC_ROOT_CLASS = YES_ERROR;
				CLANG_WARN_RANGE_LOOP_ANALYSIS = YES;
				CLANG_WARN_STRICT_PROTOTYPES = YES;
				CLANG_WARN_SUSPICIOUS_MOVE = YES;
				CLANG_WARN_UNGUARDED_AVAILABILITY = YES_AGGRESSIVE;
				CLANG_WARN_UNREACHABLE_CODE = YES;
				CLANG_WARN__DUPLICATE_METHOD_MATCH = YES;
				COPY_PHASE_STRIP = NO;
				DEBUG_INFORMATION_FORMAT = "dwarf-with-dsym";
				ENABLE_NS_ASSERTIONS = NO;
				ENABLE_STRICT_OBJC_MSGSEND = YES;
				GCC_C_LANGUAGE_STANDARD = gnu11;
				GCC_NO_COMMON_BLOCKS = YES;
				GCC_WARN_64_TO_32_BIT_CONVERSION = YES;
				GCC_WARN_ABOUT_RETURN_TYPE = YES_ERROR;
				GCC_WARN_UNDECLARED_SELECTOR = YES;
				GCC_WARN_UNINITIALIZED_AUTOS = YES_AGGRESSIVE;
				GCC_WARN_UNUSED_FUNCTION = YES;
				GCC_WARN_UNUSED_VARIABLE = YES;
				IPHONEOS_DEPLOYMENT_TARGET = 13.5;
				MTL_ENABLE_DEBUG_INFO = NO;
				MTL_FAST_MATH = YES;
				SDKROOT = iphoneos;
				SWIFT_COMPILATION_MODE = wholemodule;
				SWIFT_OPTIMIZATION_LEVEL = "-O";
				VALIDATE_PRODUCT = YES;
			};
			name = Release;
		};
		89A7D34B24BF6516009AA50F /* Debug */ = {
			isa = XCBuildConfiguration;
			buildSettings = {
				ASSETCATALOG_COMPILER_APPICON_NAME = AppIcon;
				CODE_SIGN_STYLE = Automatic;
				DEVELOPMENT_TEAM = 4UDSZ3HFA2;
				INFOPLIST_FILE = "RW Take Home/Info.plist";
				LD_RUNPATH_SEARCH_PATHS = (
					"$(inherited)",
					"@executable_path/Frameworks",
				);
				PRODUCT_BUNDLE_IDENTIFIER = "io.github.zoha131.RW-Take-Home";
				PRODUCT_NAME = "$(TARGET_NAME)";
				SWIFT_VERSION = 5.0;
				TARGETED_DEVICE_FAMILY = "1,2";
			};
			name = Debug;
		};
		89A7D34C24BF6516009AA50F /* Release */ = {
			isa = XCBuildConfiguration;
			buildSettings = {
				ASSETCATALOG_COMPILER_APPICON_NAME = AppIcon;
				CODE_SIGN_STYLE = Automatic;
				DEVELOPMENT_TEAM = 4UDSZ3HFA2;
				INFOPLIST_FILE = "RW Take Home/Info.plist";
				LD_RUNPATH_SEARCH_PATHS = (
					"$(inherited)",
					"@executable_path/Frameworks",
				);
				PRODUCT_BUNDLE_IDENTIFIER = "io.github.zoha131.RW-Take-Home";
				PRODUCT_NAME = "$(TARGET_NAME)";
				SWIFT_VERSION = 5.0;
				TARGETED_DEVICE_FAMILY = "1,2";
			};
			name = Release;
		};
/* End XCBuildConfiguration section */

/* Begin XCConfigurationList section */
		89A7D33124BF6514009AA50F /* Build configuration list for PBXProject "RW Take Home" */ = {
			isa = XCConfigurationList;
			buildConfigurations = (
				89A7D34824BF6516009AA50F /* Debug */,
				89A7D34924BF6516009AA50F /* Release */,
			);
			defaultConfigurationIsVisible = 0;
			defaultConfigurationName = Release;
		};
		89A7D34A24BF6516009AA50F /* Build configuration list for PBXNativeTarget "RW Take Home" */ = {
			isa = XCConfigurationList;
			buildConfigurations = (
				89A7D34B24BF6516009AA50F /* Debug */,
				89A7D34C24BF6516009AA50F /* Release */,
			);
			defaultConfigurationIsVisible = 0;
			defaultConfigurationName = Release;
		};
/* End XCConfigurationList section */
	};
	rootObject = 89A7D32E24BF6514009AA50F /* Project object */;
}
